
Microsoft Visual Studio Solution File, Format Version 12.00
# Visual Studio 15
VisualStudioVersion = 15.0.27130.2026
MinimumVisualStudioVersion = 10.0.40219.1
Project("{FAE04EC0-301F-11D3-BF4B-00C04F79EFBC}") = "CD.ClaimSoft.UI", "CD.ClaimSoft.UI\CD.ClaimSoft.UI.csproj", "{A520B863-A9ED-4CFF-ACD9-EC3ADE58B8AD}"
EndProject
Project("{FAE04EC0-301F-11D3-BF4B-00C04F79EFBC}") = "CD.ClaimSoft.Application", "CD.ClaimSoft.Application\CD.ClaimSoft.Application.csproj", "{DCAFD174-7E0A-4777-8235-D6AAD4DDAF04}"
EndProject
Project("{2150E333-8FDC-42A3-9474-1A3956D46DE8}") = "Application", "Application", "{04919627-83C8-4312-BF05-4A8380C11D47}"
EndProject
Project("{2150E333-8FDC-42A3-9474-1A3956D46DE8}") = "Portal", "Portal", "{FC3DA5C5-F30D-46DC-B034-0FC57179DCFD}"
EndProject
Project("{FAE04EC0-301F-11D3-BF4B-00C04F79EFBC}") = "CD.ClaimSoft.Database", "CD.ClaimSoft.Database\CD.ClaimSoft.Database.csproj", "{0E4E0795-1B15-4CC5-8FF5-C21431A1B5E9}"
EndProject
Project("{FAE04EC0-301F-11D3-BF4B-00C04F79EFBC}") = "CD.ClaimSoft.Common", "CD.ClaimSoft.Common\CD.ClaimSoft.Common.csproj", "{36C91445-578A-4B59-AD20-A1B675E93CFF}"
EndProject
Project("{FAE04EC0-301F-11D3-BF4B-00C04F79EFBC}") = "CD.ClaimSoft.Redis", "CD.ClaimSoft.Redis\CD.ClaimSoft.Redis.csproj", "{FB2399F9-21FC-4B59-8DE5-4EF88B27B813}"
EndProject
Project("{FAE04EC0-301F-11D3-BF4B-00C04F79EFBC}") = "CD.ClaimSoft.Logging", "CD.ClaimSoft.Logging\CD.ClaimSoft.Logging.csproj", "{89FE1642-AB4E-425C-8902-16D2E6CE4516}"
EndProject
Project("{2150E333-8FDC-42A3-9474-1A3956D46DE8}") = "Database", "Database", "{1D678F6A-2165-49B2-9EF3-AF37473563D0}"
EndProject
Project("{FAE04EC0-301F-11D3-BF4B-00C04F79EFBC}") = "CD.ClaimSoft.Database.FileTable", "CD.ClaimSoft.Database.FileTable\CD.ClaimSoft.Database.FileTable.csproj", "{9C7D916B-7AED-4425-BD74-FE9C39DB6294}"
EndProject
Project("{2150E333-8FDC-42A3-9474-1A3956D46DE8}") = "Test", "Test", "{F9418E03-003C-49FC-B680-467ED281784F}"
EndProject
Project("{FAE04EC0-301F-11D3-BF4B-00C04F79EFBC}") = "CD.ClaimSoft.Database.FileTable.Tests", "CD.ClaimSoft.Database.FileTable.Tests\CD.ClaimSoft.Database.FileTable.Tests.csproj", "{1D57DE7D-B133-4C5F-B584-F33234390CF2}"
EndProject
Project("{9A19103F-16F7-4668-BE54-9A1E7A4F7556}") = "CD.ClaimSoft.Nemsis", "CD.ClaimSoft.Nemsis\CD.ClaimSoft.Nemsis.csproj", "{771F4554-C9FD-4697-A2AF-28685AFF21FF}"
EndProject
Project("{FAE04EC0-301F-11D3-BF4B-00C04F79EFBC}") = "CD.ClaimSoft.Settings", "CD.ClaimSoft.Settings\CD.ClaimSoft.Settings.csproj", "{244F84D1-E775-47B9-B32C-3A988F592BA5}"
EndProject
Global
	GlobalSection(SolutionConfigurationPlatforms) = preSolution
		Debug|Any CPU = Debug|Any CPU
		Release|Any CPU = Release|Any CPU
	EndGlobalSection
	GlobalSection(ProjectConfigurationPlatforms) = postSolution
		{A520B863-A9ED-4CFF-ACD9-EC3ADE58B8AD}.Debug|Any CPU.ActiveCfg = Debug|Any CPU
		{A520B863-A9ED-4CFF-ACD9-EC3ADE58B8AD}.Debug|Any CPU.Build.0 = Debug|Any CPU
		{A520B863-A9ED-4CFF-ACD9-EC3ADE58B8AD}.Release|Any CPU.ActiveCfg = Release|Any CPU
		{A520B863-A9ED-4CFF-ACD9-EC3ADE58B8AD}.Release|Any CPU.Build.0 = Release|Any CPU
		{DCAFD174-7E0A-4777-8235-D6AAD4DDAF04}.Debug|Any CPU.ActiveCfg = Debug|Any CPU
		{DCAFD174-7E0A-4777-8235-D6AAD4DDAF04}.Debug|Any CPU.Build.0 = Debug|Any CPU
		{DCAFD174-7E0A-4777-8235-D6AAD4DDAF04}.Release|Any CPU.ActiveCfg = Release|Any CPU
		{DCAFD174-7E0A-4777-8235-D6AAD4DDAF04}.Release|Any CPU.Build.0 = Release|Any CPU
		{0E4E0795-1B15-4CC5-8FF5-C21431A1B5E9}.Debug|Any CPU.ActiveCfg = Debug|Any CPU
		{0E4E0795-1B15-4CC5-8FF5-C21431A1B5E9}.Debug|Any CPU.Build.0 = Debug|Any CPU
		{0E4E0795-1B15-4CC5-8FF5-C21431A1B5E9}.Release|Any CPU.ActiveCfg = Release|Any CPU
		{0E4E0795-1B15-4CC5-8FF5-C21431A1B5E9}.Release|Any CPU.Build.0 = Release|Any CPU
		{36C91445-578A-4B59-AD20-A1B675E93CFF}.Debug|Any CPU.ActiveCfg = Debug|Any CPU
		{36C91445-578A-4B59-AD20-A1B675E93CFF}.Debug|Any CPU.Build.0 = Debug|Any CPU
		{36C91445-578A-4B59-AD20-A1B675E93CFF}.Release|Any CPU.ActiveCfg = Release|Any CPU
		{36C91445-578A-4B59-AD20-A1B675E93CFF}.Release|Any CPU.Build.0 = Release|Any CPU
		{FB2399F9-21FC-4B59-8DE5-4EF88B27B813}.Debug|Any CPU.ActiveCfg = Debug|Any CPU
		{FB2399F9-21FC-4B59-8DE5-4EF88B27B813}.Debug|Any CPU.Build.0 = Debug|Any CPU
		{FB2399F9-21FC-4B59-8DE5-4EF88B27B813}.Release|Any CPU.ActiveCfg = Release|Any CPU
		{FB2399F9-21FC-4B59-8DE5-4EF88B27B813}.Release|Any CPU.Build.0 = Release|Any CPU
		{89FE1642-AB4E-425C-8902-16D2E6CE4516}.Debug|Any CPU.ActiveCfg = Debug|Any CPU
		{89FE1642-AB4E-425C-8902-16D2E6CE4516}.Debug|Any CPU.Build.0 = Debug|Any CPU
		{89FE1642-AB4E-425C-8902-16D2E6CE4516}.Release|Any CPU.ActiveCfg = Release|Any CPU
		{89FE1642-AB4E-425C-8902-16D2E6CE4516}.Release|Any CPU.Build.0 = Release|Any CPU
		{9C7D916B-7AED-4425-BD74-FE9C39DB6294}.Debug|Any CPU.ActiveCfg = Debug|Any CPU
		{9C7D916B-7AED-4425-BD74-FE9C39DB6294}.Debug|Any CPU.Build.0 = Debug|Any CPU
		{9C7D916B-7AED-4425-BD74-FE9C39DB6294}.Release|Any CPU.ActiveCfg = Release|Any CPU
		{9C7D916B-7AED-4425-BD74-FE9C39DB6294}.Release|Any CPU.Build.0 = Release|Any CPU
		{1D57DE7D-B133-4C5F-B584-F33234390CF2}.Debug|Any CPU.ActiveCfg = Debug|Any CPU
		{1D57DE7D-B133-4C5F-B584-F33234390CF2}.Debug|Any CPU.Build.0 = Debug|Any CPU
		{1D57DE7D-B133-4C5F-B584-F33234390CF2}.Release|Any CPU.ActiveCfg = Release|Any CPU
		{1D57DE7D-B133-4C5F-B584-F33234390CF2}.Release|Any CPU.Build.0 = Release|Any CPU
		{771F4554-C9FD-4697-A2AF-28685AFF21FF}.Debug|Any CPU.ActiveCfg = Debug|Any CPU
		{771F4554-C9FD-4697-A2AF-28685AFF21FF}.Debug|Any CPU.Build.0 = Debug|Any CPU
		{771F4554-C9FD-4697-A2AF-28685AFF21FF}.Release|Any CPU.ActiveCfg = Release|Any CPU
		{771F4554-C9FD-4697-A2AF-28685AFF21FF}.Release|Any CPU.Build.0 = Release|Any CPU
		{244F84D1-E775-47B9-B32C-3A988F592BA5}.Debug|Any CPU.ActiveCfg = Debug|Any CPU
		{244F84D1-E775-47B9-B32C-3A988F592BA5}.Debug|Any CPU.Build.0 = Debug|Any CPU
		{244F84D1-E775-47B9-B32C-3A988F592BA5}.Release|Any CPU.ActiveCfg = Release|Any CPU
		{244F84D1-E775-47B9-B32C-3A988F592BA5}.Release|Any CPU.Build.0 = Release|Any CPU
	EndGlobalSection
	GlobalSection(SolutionProperties) = preSolution
		HideSolutionNode = FALSE
	EndGlobalSection
	GlobalSection(NestedProjects) = preSolution
		{A520B863-A9ED-4CFF-ACD9-EC3ADE58B8AD} = {FC3DA5C5-F30D-46DC-B034-0FC57179DCFD}
		{DCAFD174-7E0A-4777-8235-D6AAD4DDAF04} = {04919627-83C8-4312-BF05-4A8380C11D47}
		{0E4E0795-1B15-4CC5-8FF5-C21431A1B5E9} = {1D678F6A-2165-49B2-9EF3-AF37473563D0}
		{36C91445-578A-4B59-AD20-A1B675E93CFF} = {04919627-83C8-4312-BF05-4A8380C11D47}
		{FB2399F9-21FC-4B59-8DE5-4EF88B27B813} = {04919627-83C8-4312-BF05-4A8380C11D47}
		{89FE1642-AB4E-425C-8902-16D2E6CE4516} = {04919627-83C8-4312-BF05-4A8380C11D47}
		{9C7D916B-7AED-4425-BD74-FE9C39DB6294} = {1D678F6A-2165-49B2-9EF3-AF37473563D0}
		{1D57DE7D-B133-4C5F-B584-F33234390CF2} = {F9418E03-003C-49FC-B680-467ED281784F}
		{771F4554-C9FD-4697-A2AF-28685AFF21FF} = {04919627-83C8-4312-BF05-4A8380C11D47}
		{244F84D1-E775-47B9-B32C-3A988F592BA5} = {1D678F6A-2165-49B2-9EF3-AF37473563D0}
	EndGlobalSection
	GlobalSection(ExtensibilityGlobals) = postSolution
		SolutionGuid = {E1E0E104-9144-44F3-B9A5-4CB1FB4B902A}
	EndGlobalSection
EndGlobal
